
Microsoft Visual Studio Solution File, Format Version 12.00
# Visual Studio Version 17
VisualStudioVersion = 17.14.36221.1 d17.14
MinimumVisualStudioVersion = 10.0.40219.1
Project("{FAE04EC0-301F-11D3-BF4B-00C04F79EFBC}") = "Vendas", "vendas-efcore\Vendas.csproj", "{BE2D394C-8A37-4A73-B820-524BA847168E}"
EndProject
Global
	GlobalSection(SolutionConfigurationPlatforms) = preSolution
		Debug|Any CPU = Debug|Any CPU
		Release|Any CPU = Release|Any CPU
	EndGlobalSection
	GlobalSection(ProjectConfigurationPlatforms) = postSolution
		{BE2D394C-8A37-4A73-B820-524BA847168E}.Debug|Any CPU.ActiveCfg = Debug|Any CPU
		{BE2D394C-8A37-4A73-B820-524BA847168E}.Debug|Any CPU.Build.0 = Debug|Any CPU
		{BE2D394C-8A37-4A73-B820-524BA847168E}.Release|Any CPU.ActiveCfg = Release|Any CPU
		{BE2D394C-8A37-4A73-B820-524BA847168E}.Release|Any CPU.Build.0 = Release|Any CPU
	EndGlobalSection
	GlobalSection(SolutionProperties) = preSolution
		HideSolutionNode = FALSE
	EndGlobalSection
	GlobalSection(ExtensibilityGlobals) = postSolution
		SolutionGuid = {070D34D6-073A-49DA-B5AF-F58DA2C664BE}
	EndGlobalSection
EndGlobal
